
Microsoft Visual Studio Solution File, Format Version 12.00
# Visual Studio Version 16
VisualStudioVersion = 16.0.32106.194
MinimumVisualStudioVersion = 10.0.40219.1
Project("{FAE04EC0-301F-11D3-BF4B-00C04F79EFBC}") = "WinFormsApp1", "WinFormsApp1.csproj", "{0AF6A203-D09A-4993-B13F-84A160B4E247}"
EndProject
Global
	GlobalSection(SolutionConfigurationPlatforms) = preSolution
		Debug|Any CPU = Debug|Any CPU
		Release|Any CPU = Release|Any CPU
	EndGlobalSection
	GlobalSection(ProjectConfigurationPlatforms) = postSolution
		{0AF6A203-D09A-4993-B13F-84A160B4E247}.Debug|Any CPU.ActiveCfg = Debug|Any CPU
		{0AF6A203-D09A-4993-B13F-84A160B4E247}.Debug|Any CPU.Build.0 = Debug|Any CPU
		{0AF6A203-D09A-4993-B13F-84A160B4E247}.Release|Any CPU.ActiveCfg = Release|Any CPU
		{0AF6A203-D09A-4993-B13F-84A160B4E247}.Release|Any CPU.Build.0 = Release|Any CPU
	EndGlobalSection
	GlobalSection(SolutionProperties) = preSolution
		HideSolutionNode = FALSE
	EndGlobalSection
	GlobalSection(ExtensibilityGlobals) = postSolution
		SolutionGuid = {9EFE5F09-4694-4415-92A2-79361ED31EC9}
	EndGlobalSection
EndGlobal
